
Microsoft Visual Studio Solution File, Format Version 12.00
# Visual Studio Version 17
VisualStudioVersion = 17.11.35327.3
MinimumVisualStudioVersion = 10.0.40219.1
Project("{9A19103F-16F7-4668-BE54-9A1E7A4F7556}") = "api.eclipse.controle.projetos", "api.eclipse.controle.projetos\api.eclipse.controle.projetos.csproj", "{D76E411D-BEDE-4375-A5C3-A86866482667}"
EndProject
Project("{2150E333-8FDC-42A3-9474-1A3956D46DE8}") = "1- Application", "1- Application", "{A3BF8145-0838-4314-8959-0CDD48DC6820}"
EndProject
Project("{2150E333-8FDC-42A3-9474-1A3956D46DE8}") = "2 - Domain", "2 - Domain", "{C5EBD8E2-0EED-4A80-A84B-FB4AE058A0E5}"
EndProject
Project("{2150E333-8FDC-42A3-9474-1A3956D46DE8}") = "3 - Infra", "3 - Infra", "{571D67C6-7632-43EC-86C9-14073F2C54C6}"
EndProject
Project("{2150E333-8FDC-42A3-9474-1A3956D46DE8}") = "4 - Common", "4 - Common", "{F5610E04-540F-49E6-B155-904BB2EADBFC}"
EndProject
Project("{2150E333-8FDC-42A3-9474-1A3956D46DE8}") = "5 - Tests", "5 - Tests", "{B5337618-C138-45F8-939B-FEBE6983EAB5}"
EndProject
Project("{2150E333-8FDC-42A3-9474-1A3956D46DE8}") = "0 - Presentation", "0 - Presentation", "{D19B1073-5A9B-49EF-AE25-0AC1CB782BE1}"
EndProject
Project("{9A19103F-16F7-4668-BE54-9A1E7A4F7556}") = "api.eclipse.controle.projetos.Application", "api.eclipse.controle.projetos.Application\api.eclipse.controle.projetos.Application.csproj", "{2F7E1DDF-5765-4DD8-BB50-0A12809EA034}"
EndProject
Project("{9A19103F-16F7-4668-BE54-9A1E7A4F7556}") = "api.eclipse.controle.projetos.Domain", "api.eclipse.controle.projetos.Domain\api.eclipse.controle.projetos.Domain.csproj", "{67D3B408-74CC-425B-9F05-2A8AA23E5C9E}"
EndProject
Project("{2150E333-8FDC-42A3-9474-1A3956D46DE8}") = "3.1 - Data", "3.1 - Data", "{122C6C9C-DC43-425D-B9D5-595888B9A0F4}"
EndProject
Project("{2150E333-8FDC-42A3-9474-1A3956D46DE8}") = "3.2 - CrossCutting", "3.2 - CrossCutting", "{545F243B-BA17-4E7E-8DC5-AAAD55CC6DA0}"
EndProject
Project("{9A19103F-16F7-4668-BE54-9A1E7A4F7556}") = "api.eclipse.controle.projetos.Data", "api.eclipse.controle.projetos.Data\api.eclipse.controle.projetos.Data.csproj", "{FA61B6A0-674E-43E2-BE9B-0B3014C5C327}"
EndProject
Project("{9A19103F-16F7-4668-BE54-9A1E7A4F7556}") = "api.eclipse.controle.projetos.CrossCutting.IoC", "api.eclipse.controle.projetos.CrossCutting\api.eclipse.controle.projetos.CrossCutting.IoC.csproj", "{907FAF54-BB69-4236-AA71-371B439E28E3}"
EndProject
Project("{9A19103F-16F7-4668-BE54-9A1E7A4F7556}") = "api.eclipse.controle.projetos.Common", "api.eclipse.controle.projetos.Common\api.eclipse.controle.projetos.Common.csproj", "{1587C0DC-E9FC-4076-B101-28329B11945A}"
EndProject
Global
	GlobalSection(SolutionConfigurationPlatforms) = preSolution
		Debug|Any CPU = Debug|Any CPU
		Release|Any CPU = Release|Any CPU
	EndGlobalSection
	GlobalSection(ProjectConfigurationPlatforms) = postSolution
		{D76E411D-BEDE-4375-A5C3-A86866482667}.Debug|Any CPU.ActiveCfg = Debug|Any CPU
		{D76E411D-BEDE-4375-A5C3-A86866482667}.Debug|Any CPU.Build.0 = Debug|Any CPU
		{D76E411D-BEDE-4375-A5C3-A86866482667}.Release|Any CPU.ActiveCfg = Release|Any CPU
		{D76E411D-BEDE-4375-A5C3-A86866482667}.Release|Any CPU.Build.0 = Release|Any CPU
		{2F7E1DDF-5765-4DD8-BB50-0A12809EA034}.Debug|Any CPU.ActiveCfg = Debug|Any CPU
		{2F7E1DDF-5765-4DD8-BB50-0A12809EA034}.Debug|Any CPU.Build.0 = Debug|Any CPU
		{2F7E1DDF-5765-4DD8-BB50-0A12809EA034}.Release|Any CPU.ActiveCfg = Release|Any CPU
		{2F7E1DDF-5765-4DD8-BB50-0A12809EA034}.Release|Any CPU.Build.0 = Release|Any CPU
		{67D3B408-74CC-425B-9F05-2A8AA23E5C9E}.Debug|Any CPU.ActiveCfg = Debug|Any CPU
		{67D3B408-74CC-425B-9F05-2A8AA23E5C9E}.Debug|Any CPU.Build.0 = Debug|Any CPU
		{67D3B408-74CC-425B-9F05-2A8AA23E5C9E}.Release|Any CPU.ActiveCfg = Release|Any CPU
		{67D3B408-74CC-425B-9F05-2A8AA23E5C9E}.Release|Any CPU.Build.0 = Release|Any CPU
		{FA61B6A0-674E-43E2-BE9B-0B3014C5C327}.Debug|Any CPU.ActiveCfg = Debug|Any CPU
		{FA61B6A0-674E-43E2-BE9B-0B3014C5C327}.Debug|Any CPU.Build.0 = Debug|Any CPU
		{FA61B6A0-674E-43E2-BE9B-0B3014C5C327}.Release|Any CPU.ActiveCfg = Release|Any CPU
		{FA61B6A0-674E-43E2-BE9B-0B3014C5C327}.Release|Any CPU.Build.0 = Release|Any CPU
		{907FAF54-BB69-4236-AA71-371B439E28E3}.Debug|Any CPU.ActiveCfg = Debug|Any CPU
		{907FAF54-BB69-4236-AA71-371B439E28E3}.Debug|Any CPU.Build.0 = Debug|Any CPU
		{907FAF54-BB69-4236-AA71-371B439E28E3}.Release|Any CPU.ActiveCfg = Release|Any CPU
		{907FAF54-BB69-4236-AA71-371B439E28E3}.Release|Any CPU.Build.0 = Release|Any CPU
		{1587C0DC-E9FC-4076-B101-28329B11945A}.Debug|Any CPU.ActiveCfg = Debug|Any CPU
		{1587C0DC-E9FC-4076-B101-28329B11945A}.Debug|Any CPU.Build.0 = Debug|Any CPU
		{1587C0DC-E9FC-4076-B101-28329B11945A}.Release|Any CPU.ActiveCfg = Release|Any CPU
		{1587C0DC-E9FC-4076-B101-28329B11945A}.Release|Any CPU.Build.0 = Release|Any CPU
	EndGlobalSection
	GlobalSection(SolutionProperties) = preSolution
		HideSolutionNode = FALSE
	EndGlobalSection
	GlobalSection(NestedProjects) = preSolution
		{D76E411D-BEDE-4375-A5C3-A86866482667} = {D19B1073-5A9B-49EF-AE25-0AC1CB782BE1}
		{2F7E1DDF-5765-4DD8-BB50-0A12809EA034} = {A3BF8145-0838-4314-8959-0CDD48DC6820}
		{67D3B408-74CC-425B-9F05-2A8AA23E5C9E} = {C5EBD8E2-0EED-4A80-A84B-FB4AE058A0E5}
		{122C6C9C-DC43-425D-B9D5-595888B9A0F4} = {571D67C6-7632-43EC-86C9-14073F2C54C6}
		{545F243B-BA17-4E7E-8DC5-AAAD55CC6DA0} = {571D67C6-7632-43EC-86C9-14073F2C54C6}
		{FA61B6A0-674E-43E2-BE9B-0B3014C5C327} = {122C6C9C-DC43-425D-B9D5-595888B9A0F4}
		{907FAF54-BB69-4236-AA71-371B439E28E3} = {545F243B-BA17-4E7E-8DC5-AAAD55CC6DA0}
		{1587C0DC-E9FC-4076-B101-28329B11945A} = {F5610E04-540F-49E6-B155-904BB2EADBFC}
	EndGlobalSection
	GlobalSection(ExtensibilityGlobals) = postSolution
		SolutionGuid = {8A90D3ED-48FF-418E-8B53-DD92A53A9C42}
	EndGlobalSection
EndGlobal
